{
  "name": "openclaw-channel-zulip",
  "lockfileVersion": 3,
  "requires": true,
  "packages": {
    "": {
      "dependencies": {
        "openclaw-channel-zulip": "2026.5.26"
      }
    },
    "node_modules/openclaw-channel-zulip": {
      "version": "2026.5.26",
      "resolved": "https://registry.npmjs.org/openclaw-channel-zulip/-/openclaw-channel-zulip-2026.5.26.tgz",
      "integrity": "sha512-VtQSQ6oxyrM4e4BCSrbhjDqPxtOZbabgTLJHqGpqYwq6gWN6rL+C107AZbOHbDSu2qhE7AcaOVm5CHZhmh3dIg==",
      "license": "MIT",
      "dependencies": {
        "zod": "^4.4.3"
      }
    },
    "node_modules/zod": {
      "version": "4.4.3",
      "resolved": "https://registry.npmjs.org/zod/-/zod-4.4.3.tgz",
      "integrity": "sha512-ytENFjIJFl2UwYglde2jchW2Hwm4GJFLDiSXWdTrJQBIN9Fcyp7n4DhxJEiWNAJMV1/BqWfW/kkg71UDcHJyTQ==",
      "license": "MIT",
      "funding": {
        "url": "https://github.com/sponsors/colinhacks"
      }
    }
  }
}
