{
  "name": "openclaw-groq-provider-d726e35179",
  "lockfileVersion": 3,
  "requires": true,
  "packages": {
    "": {
      "dependencies": {
        "@openclaw/groq-provider": "2026.7.1"
      }
    },
    "node_modules/@openclaw/groq-provider": {
      "version": "2026.7.1",
      "resolved": "https://registry.npmjs.org/@openclaw/groq-provider/-/groq-provider-2026.7.1.tgz",
      "integrity": "sha512-UUWkxBMpkHE/b0z2koAgS3HtIX9vTi/Fwi5ZdqOhDF7eUFuuhC50sc7ncElK6JPQzFjEAitZQOdycTGqbjDJhQ==",
      "hasShrinkwrap": true,
      "peerDependencies": {
        "openclaw": ">=2026.7.1"
      },
      "peerDependenciesMeta": {
        "openclaw": {
          "optional": true
        }
      }
    }
  }
}
