{
  "name": "openclaw-zalo-762456265a",
  "lockfileVersion": 3,
  "requires": true,
  "packages": {
    "": {
      "dependencies": {
        "@openclaw/zalo": "^2026.6.6"
      }
    },
    "node_modules/@openclaw/zalo": {
      "version": "2026.6.6",
      "resolved": "https://registry.npmjs.org/@openclaw/zalo/-/zalo-2026.6.6.tgz",
      "integrity": "sha512-R9UB3la0yo37Pj3azFHm/ydsQ0pYHapFEe8Zjwf/EpSN9yy6bJGSWsdlUuj7EM3jRvRPE2E42W9E+L57HM38Yw==",
      "bundleDependencies": [
        "zod"
      ],
      "hasShrinkwrap": true,
      "dependencies": {
        "zod": "4.4.3"
      },
      "peerDependencies": {
        "openclaw": ">=2026.6.6"
      },
      "peerDependenciesMeta": {
        "openclaw": {
          "optional": true
        }
      }
    },
    "node_modules/@openclaw/zalo/node_modules/zod": {
      "version": "4.4.3",
      "resolved": "https://registry.npmjs.org/zod/-/zod-4.4.3.tgz",
      "integrity": "sha512-ytENFjIJFl2UwYglde2jchW2Hwm4GJFLDiSXWdTrJQBIN9Fcyp7n4DhxJEiWNAJMV1/BqWfW/kkg71UDcHJyTQ==",
      "inBundle": true,
      "license": "MIT",
      "funding": {
        "url": "https://github.com/sponsors/colinhacks"
      }
    }
  }
}
