{
  "lockfileVersion": 3,
  "name": "openclaw-zalo-762456265a",
  "packages": {
    "": {
      "dependencies": {
        "@openclaw/zalo": "2026.6.1"
      }
    },
    "node_modules/@openclaw/zalo": {
      "bundleDependencies": [
        "zod"
      ],
      "dependencies": {
        "zod": "4.4.3"
      },
      "hasShrinkwrap": true,
      "integrity": "sha512-NI3ptCBwd1aZQxxqsngc94VxmZYPxh4DYQw5qXBkgGHdd+ZfniGp+QtdFqu3ZyyM6V3e2do9KacNYlAdzDmSuQ==",
      "peerDependencies": {
        "openclaw": ">=2026.6.1"
      },
      "peerDependenciesMeta": {
        "openclaw": {
          "optional": true
        }
      },
      "resolved": "https://registry.npmjs.org/@openclaw/zalo/-/zalo-2026.6.1.tgz",
      "version": "2026.6.1"
    },
    "node_modules/@openclaw/zalo/node_modules/zod": {
      "funding": {
        "url": "https://github.com/sponsors/colinhacks"
      },
      "inBundle": true,
      "integrity": "sha512-ytENFjIJFl2UwYglde2jchW2Hwm4GJFLDiSXWdTrJQBIN9Fcyp7n4DhxJEiWNAJMV1/BqWfW/kkg71UDcHJyTQ==",
      "license": "MIT",
      "resolved": "https://registry.npmjs.org/zod/-/zod-4.4.3.tgz",
      "version": "4.4.3"
    }
  },
  "requires": true
}
